
Microsoft Visual Studio Solution File, Format Version 12.00
# Visual Studio 15
VisualStudioVersion = 15.0.27004.2010
MinimumVisualStudioVersion = 10.0.40219.1
Project("{FAE04EC0-301F-11D3-BF4B-00C04F79EFBC}") = "ProjDA", "ProjDA\ProjDA.csproj", "{348784C6-02E5-4F6B-984B-43DABEEE7D63}"
EndProject
Global
	GlobalSection(SolutionConfigurationPlatforms) = preSolution
		Debug|Any CPU = Debug|Any CPU
		Release|Any CPU = Release|Any CPU
	EndGlobalSection
	GlobalSection(ProjectConfigurationPlatforms) = postSolution
		{348784C6-02E5-4F6B-984B-43DABEEE7D63}.Debug|Any CPU.ActiveCfg = Debug|Any CPU
		{348784C6-02E5-4F6B-984B-43DABEEE7D63}.Debug|Any CPU.Build.0 = Debug|Any CPU
		{348784C6-02E5-4F6B-984B-43DABEEE7D63}.Release|Any CPU.ActiveCfg = Release|Any CPU
		{348784C6-02E5-4F6B-984B-43DABEEE7D63}.Release|Any CPU.Build.0 = Release|Any CPU
	EndGlobalSection
	GlobalSection(SolutionProperties) = preSolution
		HideSolutionNode = FALSE
	EndGlobalSection
	GlobalSection(ExtensibilityGlobals) = postSolution
		SolutionGuid = {65A93EAD-4AB7-48AA-A617-C9101F04F961}
	EndGlobalSection
EndGlobal
